{
  "version": 4,
  "terraform_version": "1.14.7",
  "serial": 7,
  "lineage": "2fc8589a-50fb-b74e-65e8-f23d2359f9b1",
  "outputs": {
    "droplet_id": {
      "value": "558708886",
      "type": "string"
    },
    "ipv4_address": {
      "value": "104.236.116.110",
      "type": "string"
    },
    "reserved_ip": {
      "value": "134.199.248.250",
      "type": "string"
    }
  },
  "resources": [
    {
      "module": "module.app",
      "mode": "managed",
      "type": "digitalocean_droplet",
      "name": "this",
      "provider": "provider[\"registry.terraform.io/digitalocean/digitalocean\"]",
      "instances": [
        {
          "schema_version": 1,
          "attributes": {
            "backup_policy": [],
            "backups": false,
            "created_at": "2026-03-16T15:18:22Z",
            "disk": 25,
            "droplet_agent": null,
            "graceful_shutdown": false,
            "id": "558708886",
            "image": "ubuntu-24-04-x64",
            "ipv4_address": "104.236.116.110",
            "ipv4_address_private": "10.108.0.2",
            "ipv6": false,
            "ipv6_address": "",
            "locked": false,
            "memory": 1024,
            "monitoring": true,
            "name": "psi-function-site-staging-web-01",
            "price_hourly": 0.00893,
            "price_monthly": 6,
            "private_networking": true,
            "region": "nyc3",
            "resize_disk": true,
            "size": "s-1vcpu-1gb",
            "ssh_keys": [
              "aa:bd:37:bb:67:a3:a7:46:20:a7:21:44:75:0f:dc:84"
            ],
            "status": "active",
            "tags": [
              "psi-function-site",
              "staging",
              "web"
            ],
            "timeouts": null,
            "urn": "do:droplet:558708886",
            "user_data": "987fdb8faea31a6473c1e32efafb4f4b25c07865",
            "vcpus": 1,
            "volume_ids": [],
            "vpc_uuid": "415c63bf-f1fe-4bb0-a6ea-db013efa6b6e"
          },
          "sensitive_attributes": [],
          "identity_schema_version": 0,
          "private": "eyJlMmJmYjczMC1lY2FhLTExZTYtOGY4OC0zNDM2M2JjN2M0YzAiOnsiY3JlYXRlIjozNjAwMDAwMDAwMDAwLCJkZWxldGUiOjYwMDAwMDAwMDAwLCJ1cGRhdGUiOjM2MDAwMDAwMDAwMDB9LCJzY2hlbWFfdmVyc2lvbiI6IjEifQ=="
        }
      ]
    },
    {
      "module": "module.firewall",
      "mode": "managed",
      "type": "digitalocean_firewall",
      "name": "this",
      "provider": "provider[\"registry.terraform.io/digitalocean/digitalocean\"]",
      "instances": [
        {
          "schema_version": 0,
          "attributes": {
            "created_at": "2026-03-16T15:18:47Z",
            "droplet_ids": [
              558708886
            ],
            "id": "2d742df0-b375-47ef-b6df-3067be68cbea",
            "inbound_rule": [
              {
                "port_range": "22",
                "protocol": "tcp",
                "source_addresses": [
                  "0.0.0.0/0",
                  "::/0"
                ],
                "source_droplet_ids": [],
                "source_kubernetes_ids": [],
                "source_load_balancer_uids": [],
                "source_tags": []
              },
              {
                "port_range": "443",
                "protocol": "tcp",
                "source_addresses": [
                  "0.0.0.0/0",
                  "::/0"
                ],
                "source_droplet_ids": [],
                "source_kubernetes_ids": [],
                "source_load_balancer_uids": [],
                "source_tags": []
              },
              {
                "port_range": "80",
                "protocol": "tcp",
                "source_addresses": [
                  "0.0.0.0/0",
                  "::/0"
                ],
                "source_droplet_ids": [],
                "source_kubernetes_ids": [],
                "source_load_balancer_uids": [],
                "source_tags": []
              }
            ],
            "name": "psi-function-site-staging-fw",
            "outbound_rule": [
              {
                "destination_addresses": [
                  "0.0.0.0/0",
                  "::/0"
                ],
                "destination_droplet_ids": [],
                "destination_kubernetes_ids": [],
                "destination_load_balancer_uids": [],
                "destination_tags": [],
                "port_range": "",
                "protocol": "icmp"
              },
              {
                "destination_addresses": [
                  "0.0.0.0/0",
                  "::/0"
                ],
                "destination_droplet_ids": [],
                "destination_kubernetes_ids": [],
                "destination_load_balancer_uids": [],
                "destination_tags": [],
                "port_range": "1-65535",
                "protocol": "tcp"
              },
              {
                "destination_addresses": [
                  "0.0.0.0/0",
                  "::/0"
                ],
                "destination_droplet_ids": [],
                "destination_kubernetes_ids": [],
                "destination_load_balancer_uids": [],
                "destination_tags": [],
                "port_range": "1-65535",
                "protocol": "udp"
              }
            ],
            "pending_changes": [],
            "status": "succeeded",
            "tags": []
          },
          "sensitive_attributes": [],
          "identity_schema_version": 0,
          "private": "bnVsbA==",
          "dependencies": [
            "module.app.digitalocean_droplet.this"
          ]
        }
      ]
    },
    {
      "module": "module.reserved_ip[0]",
      "mode": "managed",
      "type": "digitalocean_reserved_ip",
      "name": "this",
      "provider": "provider[\"registry.terraform.io/digitalocean/digitalocean\"]",
      "instances": [
        {
          "schema_version": 0,
          "attributes": {
            "droplet_id": null,
            "id": "134.199.248.250",
            "ip_address": "134.199.248.250",
            "region": "nyc3",
            "urn": "do:reservedip:134.199.248.250"
          },
          "sensitive_attributes": [],
          "identity_schema_version": 0,
          "private": "bnVsbA=="
        }
      ]
    },
    {
      "module": "module.reserved_ip[0]",
      "mode": "managed",
      "type": "digitalocean_reserved_ip_assignment",
      "name": "this",
      "provider": "provider[\"registry.terraform.io/digitalocean/digitalocean\"]",
      "instances": [
        {
          "schema_version": 0,
          "attributes": {
            "droplet_id": 558708886,
            "id": "558708886-134.199.248.250-20260316152127431400000001",
            "ip_address": "134.199.248.250"
          },
          "sensitive_attributes": [],
          "identity_schema_version": 0,
          "private": "bnVsbA==",
          "dependencies": [
            "module.app.digitalocean_droplet.this",
            "module.reserved_ip.digitalocean_reserved_ip.this"
          ]
        }
      ]
    }
  ],
  "check_results": null
}
